{
  "originHash" : "4060699e7de563fdcf93aa8fc188e95a7fc22f442833a1baf57243d201fac8f6",
  "pins" : [
    {
      "identity" : "m13checkbox",
      "kind" : "remoteSourceControl",
      "location" : "https://github.com/Marxon13/M13Checkbox.git",
      "state" : {
        "revision" : "96ff6c8862db87095315480a56dcebe51e15dac8",
        "version" : "3.4.1"
      }
    },
    {
      "identity" : "swipecellkit",
      "kind" : "remoteSourceControl",
      "location" : "https://github.com/SwipeCellKit/SwipeCellKit",
      "state" : {
        "revision" : "7219cad3098637176ace311510d11467dbfb9bb0",
        "version" : "2.7.1"
      }
    }
  ],
  "version" : 3
}
